
Microsoft Visual Studio Solution File, Format Version 12.00
# Visual Studio 15
VisualStudioVersion = 15.0.27703.2035
MinimumVisualStudioVersion = 10.0.40219.1
Project("{E24C65DC-7377-472B-9ABA-BC803B73C61A}") = "THECAPSTONE", "..\dalto2wk\THECAPSTONE\", "{1ED6504B-399E-4392-9AAD-A702EFA300E7}"
	ProjectSection(WebsiteProperties) = preProject
		TargetFrameworkMoniker = ".NETFramework,Version%3Dv4.6.1"
		Debug.AspNetCompiler.VirtualPath = "/localhost_56398"
		Debug.AspNetCompiler.PhysicalPath = "..\dalto2wk\THECAPSTONE\"
		Debug.AspNetCompiler.TargetPath = "PrecompiledWeb\localhost_56398\"
		Debug.AspNetCompiler.Updateable = "true"
		Debug.AspNetCompiler.ForceOverwrite = "true"
		Debug.AspNetCompiler.FixedNames = "false"
		Debug.AspNetCompiler.Debug = "True"
		Release.AspNetCompiler.VirtualPath = "/localhost_56398"
		Release.AspNetCompiler.PhysicalPath = "..\dalto2wk\THECAPSTONE\"
		Release.AspNetCompiler.TargetPath = "PrecompiledWeb\localhost_56398\"
		Release.AspNetCompiler.Updateable = "true"
		Release.AspNetCompiler.ForceOverwrite = "true"
		Release.AspNetCompiler.FixedNames = "false"
		Release.AspNetCompiler.Debug = "False"
		VWDPort = "56398"
		SlnRelativePath = "..\dalto2wk\THECAPSTONE\"
	EndProjectSection
EndProject
Global
	GlobalSection(SolutionConfigurationPlatforms) = preSolution
		Debug|Any CPU = Debug|Any CPU
	EndGlobalSection
	GlobalSection(ProjectConfigurationPlatforms) = postSolution
		{1ED6504B-399E-4392-9AAD-A702EFA300E7}.Debug|Any CPU.ActiveCfg = Debug|Any CPU
		{1ED6504B-399E-4392-9AAD-A702EFA300E7}.Debug|Any CPU.Build.0 = Debug|Any CPU
	EndGlobalSection
	GlobalSection(SolutionProperties) = preSolution
		HideSolutionNode = FALSE
	EndGlobalSection
	GlobalSection(ExtensibilityGlobals) = postSolution
		SolutionGuid = {2A678CA2-4BA0-4CFF-937E-5D55CB012DCB}
	EndGlobalSection
EndGlobal
