
Microsoft Visual Studio Solution File, Format Version 12.00
# Visual Studio 15
VisualStudioVersion = 15.0.27428.2005
MinimumVisualStudioVersion = 10.0.40219.1
Project("{E24C65DC-7377-472B-9ABA-BC803B73C61A}") = "Capstone(2)", "Capstone\", "{ACA42D1F-BBDF-4614-87C4-77940975B69C}"
	ProjectSection(WebsiteProperties) = preProject
		TargetFrameworkMoniker = ".NETFramework,Version%3Dv4.6.1"
		Debug.AspNetCompiler.VirtualPath = "/localhost_50529"
		Debug.AspNetCompiler.PhysicalPath = "Capstone\"
		Debug.AspNetCompiler.TargetPath = "PrecompiledWeb\localhost_50529\"
		Debug.AspNetCompiler.Updateable = "true"
		Debug.AspNetCompiler.ForceOverwrite = "true"
		Debug.AspNetCompiler.FixedNames = "false"
		Debug.AspNetCompiler.Debug = "True"
		Release.AspNetCompiler.VirtualPath = "/localhost_50529"
		Release.AspNetCompiler.PhysicalPath = "Capstone\"
		Release.AspNetCompiler.TargetPath = "PrecompiledWeb\localhost_50529\"
		Release.AspNetCompiler.Updateable = "true"
		Release.AspNetCompiler.ForceOverwrite = "true"
		Release.AspNetCompiler.FixedNames = "false"
		Release.AspNetCompiler.Debug = "False"
		VWDPort = "50529"
		SlnRelativePath = "Capstone\"
	EndProjectSection
EndProject
Global
	GlobalSection(SolutionConfigurationPlatforms) = preSolution
		Debug|Any CPU = Debug|Any CPU
	EndGlobalSection
	GlobalSection(ProjectConfigurationPlatforms) = postSolution
		{ACA42D1F-BBDF-4614-87C4-77940975B69C}.Debug|Any CPU.ActiveCfg = Debug|Any CPU
		{ACA42D1F-BBDF-4614-87C4-77940975B69C}.Debug|Any CPU.Build.0 = Debug|Any CPU
	EndGlobalSection
	GlobalSection(SolutionProperties) = preSolution
		HideSolutionNode = FALSE
	EndGlobalSection
	GlobalSection(ExtensibilityGlobals) = postSolution
		SolutionGuid = {4B5AA90C-54A3-422F-8F0C-FD37AE4FEFC9}
	EndGlobalSection
EndGlobal
